
Microsoft Visual Studio Solution File, Format Version 12.00
# Visual Studio Version 17
VisualStudioVersion = 17.4.33122.133
MinimumVisualStudioVersion = 10.0.40219.1
Project("{FAE04EC0-301F-11D3-BF4B-00C04F79EFBC}") = "WSCashCLP", "WcfService2\WSCashCLP.csproj", "{32129C30-0FC7-4466-96E6-06499A172104}"
EndProject
Global
	GlobalSection(SolutionConfigurationPlatforms) = preSolution
		Debug|Any CPU = Debug|Any CPU
		Release|Any CPU = Release|Any CPU
	EndGlobalSection
	GlobalSection(ProjectConfigurationPlatforms) = postSolution
		{32129C30-0FC7-4466-96E6-06499A172104}.Debug|Any CPU.ActiveCfg = Debug|Any CPU
		{32129C30-0FC7-4466-96E6-06499A172104}.Debug|Any CPU.Build.0 = Debug|Any CPU
		{32129C30-0FC7-4466-96E6-06499A172104}.Release|Any CPU.ActiveCfg = Release|Any CPU
		{32129C30-0FC7-4466-96E6-06499A172104}.Release|Any CPU.Build.0 = Release|Any CPU
	EndGlobalSection
	GlobalSection(SolutionProperties) = preSolution
		HideSolutionNode = FALSE
	EndGlobalSection
	GlobalSection(ExtensibilityGlobals) = postSolution
		SolutionGuid = {69950594-1BBE-4489-8F1A-1B0636788ED8}
	EndGlobalSection
EndGlobal
